// !$*UTF8*$!
{
	archiveVersion = 1;
	classes = {
	};
	objectVersion = 56;
	objects = {

/* Begin PBXBuildFile section */
		556AEAAA2C21C4B30086D37F /* BWHealthAppApp.swift in Sources */ = {isa = PBXBuildFile; fileRef = 556AEAA92C21C4B30086D37F /* BWHealthAppApp.swift */; };
		556AEAAE2C21C4B40086D37F /* Assets.xcassets in Resources */ = {isa = PBXBuildFile; fileRef = 556AEAAD2C21C4B40086D37F /* Assets.xcassets */; };
		556AEAB12C21C4B40086D37F /* Preview Assets.xcassets in Resources */ = {isa = PBXBuildFile; fileRef = 556AEAB02C21C4B40086D37F /* Preview Assets.xcassets */; };
		556AEAB92C21C4C70086D37F /* BWTabView.swift in Sources */ = {isa = PBXBuildFile; fileRef = 556AEAB82C21C4C70086D37F /* BWTabView.swift */; };
		556AEABB2C21C6D00086D37F /* SummaryView.swift in Sources */ = {isa = PBXBuildFile; fileRef = 556AEABA2C21C6D00086D37F /* SummaryView.swift */; };
		556AEABD2C21C6DE0086D37F /* SharingView.swift in Sources */ = {isa = PBXBuildFile; fileRef = 556AEABC2C21C6DE0086D37F /* SharingView.swift */; };
		556AEABF2C21C6EA0086D37F /* BrowseView.swift in Sources */ = {isa = PBXBuildFile; fileRef = 556AEABE2C21C6EA0086D37F /* BrowseView.swift */; };
		556AEAC32C22B48A0086D37F /* SummaryActivityView.swift in Sources */ = {isa = PBXBuildFile; fileRef = 556AEAC22C22B48A0086D37F /* SummaryActivityView.swift */; };
		556AEAC62C22B6490086D37F /* HKDataItem.swift in Sources */ = {isa = PBXBuildFile; fileRef = 556AEAC52C22B6490086D37F /* HKDataItem.swift */; };
		556AEACB2C22B9040086D37F /* HealthManager.swift in Sources */ = {isa = PBXBuildFile; fileRef = 556AEACA2C22B9040086D37F /* HealthManager.swift */; };
		556AEACE2C22BC500086D37F /* Date+Extension.swift in Sources */ = {isa = PBXBuildFile; fileRef = 556AEACD2C22BC500086D37F /* Date+Extension.swift */; };
		556AEAD02C22C8000086D37F /* SummaryDetailView.swift in Sources */ = {isa = PBXBuildFile; fileRef = 556AEACF2C22C8000086D37F /* SummaryDetailView.swift */; };
		556AEAD22C22CA290086D37F /* HealthDataListView.swift in Sources */ = {isa = PBXBuildFile; fileRef = 556AEAD12C22CA290086D37F /* HealthDataListView.swift */; };
		556FB6742C22DE9B00FB4749 /* ChartView.swift in Sources */ = {isa = PBXBuildFile; fileRef = 556FB6732C22DE9B00FB4749 /* ChartView.swift */; };
		556FB6762C22E42400FB4749 /* SummaryHealthDataListView.swift in Sources */ = {isa = PBXBuildFile; fileRef = 556FB6752C22E42400FB4749 /* SummaryHealthDataListView.swift */; };
		556FB6782C22ED4A00FB4749 /* HealthDataDetailView.swift in Sources */ = {isa = PBXBuildFile; fileRef = 556FB6772C22ED4A00FB4749 /* HealthDataDetailView.swift */; };
		556FB67C2C2322F000FB4749 /* Double+Extension.swift in Sources */ = {isa = PBXBuildFile; fileRef = 556FB67B2C2322F000FB4749 /* Double+Extension.swift */; };
		556FB67E2C23242D00FB4749 /* HKDataItemType.swift in Sources */ = {isa = PBXBuildFile; fileRef = 556FB67D2C23242D00FB4749 /* HKDataItemType.swift */; };
/* End PBXBuildFile section */

/* Begin PBXFileReference section */
		556AEAA62C21C4B30086D37F /* BWHealthApp.app */ = {isa = PBXFileReference; explicitFileType = wrapper.application; includeInIndex = 0; path = BWHealthApp.app; sourceTree = BUILT_PRODUCTS_DIR; };
		556AEAA92C21C4B30086D37F /* BWHealthAppApp.swift */ = {isa = PBXFileReference; lastKnownFileType = sourcecode.swift; path = BWHealthAppApp.swift; sourceTree = "<group>"; };
		556AEAAD2C21C4B40086D37F /* Assets.xcassets */ = {isa = PBXFileReference; lastKnownFileType = folder.assetcatalog; path = Assets.xcassets; sourceTree = "<group>"; };
		556AEAB02C21C4B40086D37F /* Preview Assets.xcassets */ = {isa = PBXFileReference; lastKnownFileType = folder.assetcatalog; path = "Preview Assets.xcassets"; sourceTree = "<group>"; };
		556AEAB82C21C4C70086D37F /* BWTabView.swift */ = {isa = PBXFileReference; lastKnownFileType = sourcecode.swift; path = BWTabView.swift; sourceTree = "<group>"; };
		556AEABA2C21C6D00086D37F /* SummaryView.swift */ = {isa = PBXFileReference; lastKnownFileType = sourcecode.swift; path = SummaryView.swift; sourceTree = "<group>"; };
		556AEABC2C21C6DE0086D37F /* SharingView.swift */ = {isa = PBXFileReference; lastKnownFileType = sourcecode.swift; path = SharingView.swift; sourceTree = "<group>"; };
		556AEABE2C21C6EA0086D37F /* BrowseView.swift */ = {isa = PBXFileReference; lastKnownFileType = sourcecode.swift; path = BrowseView.swift; sourceTree = "<group>"; };
		556AEAC12C21CE710086D37F /* BWHealthApp.entitlements */ = {isa = PBXFileReference; fileEncoding = 4; lastKnownFileType = text.plist.entitlements; path = BWHealthApp.entitlements; sourceTree = "<group>"; };
		556AEAC22C22B48A0086D37F /* SummaryActivityView.swift */ = {isa = PBXFileReference; lastKnownFileType = sourcecode.swift; path = SummaryActivityView.swift; sourceTree = "<group>"; };
		556AEAC52C22B6490086D37F /* HKDataItem.swift */ = {isa = PBXFileReference; lastKnownFileType = sourcecode.swift; path = HKDataItem.swift; sourceTree = "<group>"; };
		556AEACA2C22B9040086D37F /* HealthManager.swift */ = {isa = PBXFileReference; lastKnownFileType = sourcecode.swift; path = HealthManager.swift; sourceTree = "<group>"; };
		556AEACD2C22BC500086D37F /* Date+Extension.swift */ = {isa = PBXFileReference; lastKnownFileType = sourcecode.swift; path = "Date+Extension.swift"; sourceTree = "<group>"; };
		556AEACF2C22C8000086D37F /* SummaryDetailView.swift */ = {isa = PBXFileReference; lastKnownFileType = sourcecode.swift; path = SummaryDetailView.swift; sourceTree = "<group>"; };
		556AEAD12C22CA290086D37F /* HealthDataListView.swift */ = {isa = PBXFileReference; lastKnownFileType = sourcecode.swift; path = HealthDataListView.swift; sourceTree = "<group>"; };
		556FB6732C22DE9B00FB4749 /* ChartView.swift */ = {isa = PBXFileReference; lastKnownFileType = sourcecode.swift; path = ChartView.swift; sourceTree = "<group>"; };
		556FB6752C22E42400FB4749 /* SummaryHealthDataListView.swift */ = {isa = PBXFileReference; lastKnownFileType = sourcecode.swift; path = SummaryHealthDataListView.swift; sourceTree = "<group>"; };
		556FB6772C22ED4A00FB4749 /* HealthDataDetailView.swift */ = {isa = PBXFileReference; lastKnownFileType = sourcecode.swift; path = HealthDataDetailView.swift; sourceTree = "<group>"; };
		556FB67B2C2322F000FB4749 /* Double+Extension.swift */ = {isa = PBXFileReference; lastKnownFileType = sourcecode.swift; path = "Double+Extension.swift"; sourceTree = "<group>"; };
		556FB67D2C23242D00FB4749 /* HKDataItemType.swift */ = {isa = PBXFileReference; lastKnownFileType = sourcecode.swift; path = HKDataItemType.swift; sourceTree = "<group>"; };
/* End PBXFileReference section */

/* Begin PBXFrameworksBuildPhase section */
		556AEAA32C21C4B30086D37F /* Frameworks */ = {
			isa = PBXFrameworksBuildPhase;
			buildActionMask = 2147483647;
			files = (
			);
			runOnlyForDeploymentPostprocessing = 0;
		};
/* End PBXFrameworksBuildPhase section */

/* Begin PBXGroup section */
		556AEA9D2C21C4B30086D37F = {
			isa = PBXGroup;
			children = (
				556AEAA82C21C4B30086D37F /* BWHealthApp */,
				556AEAA72C21C4B30086D37F /* Products */,
			);
			sourceTree = "<group>";
		};
		556AEAA72C21C4B30086D37F /* Products */ = {
			isa = PBXGroup;
			children = (
				556AEAA62C21C4B30086D37F /* BWHealthApp.app */,
			);
			name = Products;
			sourceTree = "<group>";
		};
		556AEAA82C21C4B30086D37F /* BWHealthApp */ = {
			isa = PBXGroup;
			children = (
				556AEAC12C21CE710086D37F /* BWHealthApp.entitlements */,
				556AEAA92C21C4B30086D37F /* BWHealthAppApp.swift */,
				556AEAC42C22B62A0086D37F /* Models */,
				556AEAB72C21C4BB0086D37F /* Views */,
				556AEAC92C22B8F40086D37F /* Utilities */,
				556AEACC2C22BC3C0086D37F /* Extensions */,
				556AEAAD2C21C4B40086D37F /* Assets.xcassets */,
				556AEAAF2C21C4B40086D37F /* Preview Content */,
			);
			path = BWHealthApp;
			sourceTree = "<group>";
		};
		556AEAAF2C21C4B40086D37F /* Preview Content */ = {
			isa = PBXGroup;
			children = (
				556AEAB02C21C4B40086D37F /* Preview Assets.xcassets */,
			);
			path = "Preview Content";
			sourceTree = "<group>";
		};
		556AEAB72C21C4BB0086D37F /* Views */ = {
			isa = PBXGroup;
			children = (
				556AEAB82C21C4C70086D37F /* BWTabView.swift */,
				556AEABA2C21C6D00086D37F /* SummaryView.swift */,
				556AEABC2C21C6DE0086D37F /* SharingView.swift */,
				556AEABE2C21C6EA0086D37F /* BrowseView.swift */,
				556AEAC22C22B48A0086D37F /* SummaryActivityView.swift */,
				556AEACF2C22C8000086D37F /* SummaryDetailView.swift */,
				556AEAD12C22CA290086D37F /* HealthDataListView.swift */,
				556FB6732C22DE9B00FB4749 /* ChartView.swift */,
				556FB6752C22E42400FB4749 /* SummaryHealthDataListView.swift */,
				556FB6772C22ED4A00FB4749 /* HealthDataDetailView.swift */,
			);
			path = Views;
			sourceTree = "<group>";
		};
		556AEAC42C22B62A0086D37F /* Models */ = {
			isa = PBXGroup;
			children = (
				556AEAC52C22B6490086D37F /* HKDataItem.swift */,
				556FB67D2C23242D00FB4749 /* HKDataItemType.swift */,
			);
			path = Models;
			sourceTree = "<group>";
		};
		556AEAC92C22B8F40086D37F /* Utilities */ = {
			isa = PBXGroup;
			children = (
				556AEACA2C22B9040086D37F /* HealthManager.swift */,
			);
			path = Utilities;
			sourceTree = "<group>";
		};
		556AEACC2C22BC3C0086D37F /* Extensions */ = {
			isa = PBXGroup;
			children = (
				556AEACD2C22BC500086D37F /* Date+Extension.swift */,
				556FB67B2C2322F000FB4749 /* Double+Extension.swift */,
			);
			path = Extensions;
			sourceTree = "<group>";
		};
/* End PBXGroup section */

/* Begin PBXNativeTarget section */
		556AEAA52C21C4B30086D37F /* BWHealthApp */ = {
			isa = PBXNativeTarget;
			buildConfigurationList = 556AEAB42C21C4B40086D37F /* Build configuration list for PBXNativeTarget "BWHealthApp" */;
			buildPhases = (
				556AEAA22C21C4B30086D37F /* Sources */,
				556AEAA32C21C4B30086D37F /* Frameworks */,
				556AEAA42C21C4B30086D37F /* Resources */,
			);
			buildRules = (
			);
			dependencies = (
			);
			name = BWHealthApp;
			productName = BWHealthApp;
			productReference = 556AEAA62C21C4B30086D37F /* BWHealthApp.app */;
			productType = "com.apple.product-type.application";
		};
/* End PBXNativeTarget section */

/* Begin PBXProject section */
		556AEA9E2C21C4B30086D37F /* Project object */ = {
			isa = PBXProject;
			attributes = {
				BuildIndependentTargetsInParallel = 1;
				LastSwiftUpdateCheck = 1540;
				LastUpgradeCheck = 1540;
				TargetAttributes = {
					556AEAA52C21C4B30086D37F = {
						CreatedOnToolsVersion = 15.4;
					};
				};
			};
			buildConfigurationList = 556AEAA12C21C4B30086D37F /* Build configuration list for PBXProject "BWHealthApp" */;
			compatibilityVersion = "Xcode 14.0";
			developmentRegion = en;
			hasScannedForEncodings = 0;
			knownRegions = (
				en,
				Base,
			);
			mainGroup = 556AEA9D2C21C4B30086D37F;
			productRefGroup = 556AEAA72C21C4B30086D37F /* Products */;
			projectDirPath = "";
			projectRoot = "";
			targets = (
				556AEAA52C21C4B30086D37F /* BWHealthApp */,
			);
		};
/* End PBXProject section */

/* Begin PBXResourcesBuildPhase section */
		556AEAA42C21C4B30086D37F /* Resources */ = {
			isa = PBXResourcesBuildPhase;
			buildActionMask = 2147483647;
			files = (
				556AEAB12C21C4B40086D37F /* Preview Assets.xcassets in Resources */,
				556AEAAE2C21C4B40086D37F /* Assets.xcassets in Resources */,
			);
			runOnlyForDeploymentPostprocessing = 0;
		};
/* End PBXResourcesBuildPhase section */

/* Begin PBXSourcesBuildPhase section */
		556AEAA22C21C4B30086D37F /* Sources */ = {
			isa = PBXSourcesBuildPhase;
			buildActionMask = 2147483647;
			files = (
				556AEAB92C21C4C70086D37F /* BWTabView.swift in Sources */,
				556FB6782C22ED4A00FB4749 /* HealthDataDetailView.swift in Sources */,
				556AEACB2C22B9040086D37F /* HealthManager.swift in Sources */,
				556AEABB2C21C6D00086D37F /* SummaryView.swift in Sources */,
				556AEAC32C22B48A0086D37F /* SummaryActivityView.swift in Sources */,
				556AEAC62C22B6490086D37F /* HKDataItem.swift in Sources */,
				556FB6762C22E42400FB4749 /* SummaryHealthDataListView.swift in Sources */,
				556AEABD2C21C6DE0086D37F /* SharingView.swift in Sources */,
				556FB67C2C2322F000FB4749 /* Double+Extension.swift in Sources */,
				556FB6742C22DE9B00FB4749 /* ChartView.swift in Sources */,
				556AEAD02C22C8000086D37F /* SummaryDetailView.swift in Sources */,
				556AEABF2C21C6EA0086D37F /* BrowseView.swift in Sources */,
				556AEAAA2C21C4B30086D37F /* BWHealthAppApp.swift in Sources */,
				556FB67E2C23242D00FB4749 /* HKDataItemType.swift in Sources */,
				556AEACE2C22BC500086D37F /* Date+Extension.swift in Sources */,
				556AEAD22C22CA290086D37F /* HealthDataListView.swift in Sources */,
			);
			runOnlyForDeploymentPostprocessing = 0;
		};
/* End PBXSourcesBuildPhase section */

/* Begin XCBuildConfiguration section */
		556AEAB22C21C4B40086D37F /* Debug */ = {
			isa = XCBuildConfiguration;
			buildSettings = {
				ALWAYS_SEARCH_USER_PATHS = NO;
				ASSETCATALOG_COMPILER_GENERATE_SWIFT_ASSET_SYMBOL_EXTENSIONS = YES;
				CLANG_ANALYZER_NONNULL = YES;
				CLANG_ANALYZER_NUMBER_OBJECT_CONVERSION = YES_AGGRESSIVE;
				CLANG_CXX_LANGUAGE_STANDARD = "gnu++20";
				CLANG_ENABLE_MODULES = YES;
				CLANG_ENABLE_OBJC_ARC = YES;
				CLANG_ENABLE_OBJC_WEAK = YES;
				CLANG_WARN_BLOCK_CAPTURE_AUTORELEASING = YES;
				CLANG_WARN_BOOL_CONVERSION = YES;
				CLANG_WARN_COMMA = YES;
				CLANG_WARN_CONSTANT_CONVERSION = YES;
				CLANG_WARN_DEPRECATED_OBJC_IMPLEMENTATIONS = YES;
				CLANG_WARN_DIRECT_OBJC_ISA_USAGE = YES_ERROR;
				CLANG_WARN_DOCUMENTATION_COMMENTS = YES;
				CLANG_WARN_EMPTY_BODY = YES;
				CLANG_WARN_ENUM_CONVERSION = YES;
				CLANG_WARN_INFINITE_RECURSION = YES;
				CLANG_WARN_INT_CONVERSION = YES;
				CLANG_WARN_NON_LITERAL_NULL_CONVERSION = YES;
				CLANG_WARN_OBJC_IMPLICIT_RETAIN_SELF = YES;
				CLANG_WARN_OBJC_LITERAL_CONVERSION = YES;
				CLANG_WARN_OBJC_ROOT_CLASS = YES_ERROR;
				CLANG_WARN_QUOTED_INCLUDE_IN_FRAMEWORK_HEADER = YES;
				CLANG_WARN_RANGE_LOOP_ANALYSIS = YES;
				CLANG_WARN_STRICT_PROTOTYPES = YES;
				CLANG_WARN_SUSPICIOUS_MOVE = YES;
				CLANG_WARN_UNGUARDED_AVAILABILITY = YES_AGGRESSIVE;
				CLANG_WARN_UNREACHABLE_CODE = YES;
				CLANG_WARN__DUPLICATE_METHOD_MATCH = YES;
				COPY_PHASE_STRIP = NO;
				DEBUG_INFORMATION_FORMAT = dwarf;
				ENABLE_STRICT_OBJC_MSGSEND = YES;
				ENABLE_TESTABILITY = YES;
				ENABLE_USER_SCRIPT_SANDBOXING = YES;
				GCC_C_LANGUAGE_STANDARD = gnu17;
				GCC_DYNAMIC_NO_PIC = NO;
				GCC_NO_COMMON_BLOCKS = YES;
				GCC_OPTIMIZATION_LEVEL = 0;
				GCC_PREPROCESSOR_DEFINITIONS = (
					"DEBUG=1",
					"$(inherited)",
				);
				GCC_WARN_64_TO_32_BIT_CONVERSION = YES;
				GCC_WARN_ABOUT_RETURN_TYPE = YES_ERROR;
				GCC_WARN_UNDECLARED_SELECTOR = YES;
				GCC_WARN_UNINITIALIZED_AUTOS = YES_AGGRESSIVE;
				GCC_WARN_UNUSED_FUNCTION = YES;
				GCC_WARN_UNUSED_VARIABLE = YES;
				IPHONEOS_DEPLOYMENT_TARGET = 16.0;
				LOCALIZATION_PREFERS_STRING_CATALOGS = YES;
				MTL_ENABLE_DEBUG_INFO = INCLUDE_SOURCE;
				MTL_FAST_MATH = YES;
				ONLY_ACTIVE_ARCH = YES;
				SDKROOT = iphoneos;
				SWIFT_ACTIVE_COMPILATION_CONDITIONS = "DEBUG $(inherited)";
				SWIFT_OPTIMIZATION_LEVEL = "-Onone";
			};
			name = Debug;
		};
		556AEAB32C21C4B40086D37F /* Release */ = {
			isa = XCBuildConfiguration;
			buildSettings = {
				ALWAYS_SEARCH_USER_PATHS = NO;
				ASSETCATALOG_COMPILER_GENERATE_SWIFT_ASSET_SYMBOL_EXTENSIONS = YES;
				CLANG_ANALYZER_NONNULL = YES;
				CLANG_ANALYZER_NUMBER_OBJECT_CONVERSION = YES_AGGRESSIVE;
				CLANG_CXX_LANGUAGE_STANDARD = "gnu++20";
				CLANG_ENABLE_MODULES = YES;
				CLANG_ENABLE_OBJC_ARC = YES;
				CLANG_ENABLE_OBJC_WEAK = YES;
				CLANG_WARN_BLOCK_CAPTURE_AUTORELEASING = YES;
				CLANG_WARN_BOOL_CONVERSION = YES;
				CLANG_WARN_COMMA = YES;
				CLANG_WARN_CONSTANT_CONVERSION = YES;
				CLANG_WARN_DEPRECATED_OBJC_IMPLEMENTATIONS = YES;
				CLANG_WARN_DIRECT_OBJC_ISA_USAGE = YES_ERROR;
				CLANG_WARN_DOCUMENTATION_COMMENTS = YES;
				CLANG_WARN_EMPTY_BODY = YES;
				CLANG_WARN_ENUM_CONVERSION = YES;
				CLANG_WARN_INFINITE_RECURSION = YES;
				CLANG_WARN_INT_CONVERSION = YES;
				CLANG_WARN_NON_LITERAL_NULL_CONVERSION = YES;
				CLANG_WARN_OBJC_IMPLICIT_RETAIN_SELF = YES;
				CLANG_WARN_OBJC_LITERAL_CONVERSION = YES;
				CLANG_WARN_OBJC_ROOT_CLASS = YES_ERROR;
				CLANG_WARN_QUOTED_INCLUDE_IN_FRAMEWORK_HEADER = YES;
				CLANG_WARN_RANGE_LOOP_ANALYSIS = YES;
				CLANG_WARN_STRICT_PROTOTYPES = YES;
				CLANG_WARN_SUSPICIOUS_MOVE = YES;
				CLANG_WARN_UNGUARDED_AVAILABILITY = YES_AGGRESSIVE;
				CLANG_WARN_UNREACHABLE_CODE = YES;
				CLANG_WARN__DUPLICATE_METHOD_MATCH = YES;
				COPY_PHASE_STRIP = NO;
				DEBUG_INFORMATION_FORMAT = "dwarf-with-dsym";
				ENABLE_NS_ASSERTIONS = NO;
				ENABLE_STRICT_OBJC_MSGSEND = YES;
				ENABLE_USER_SCRIPT_SANDBOXING = YES;
				GCC_C_LANGUAGE_STANDARD = gnu17;
				GCC_NO_COMMON_BLOCKS = YES;
				GCC_WARN_64_TO_32_BIT_CONVERSION = YES;
				GCC_WARN_ABOUT_RETURN_TYPE = YES_ERROR;
				GCC_WARN_UNDECLARED_SELECTOR = YES;
				GCC_WARN_UNINITIALIZED_AUTOS = YES_AGGRESSIVE;
				GCC_WARN_UNUSED_FUNCTION = YES;
				GCC_WARN_UNUSED_VARIABLE = YES;
				IPHONEOS_DEPLOYMENT_TARGET = 16.0;
				LOCALIZATION_PREFERS_STRING_CATALOGS = YES;
				MTL_ENABLE_DEBUG_INFO = NO;
				MTL_FAST_MATH = YES;
				SDKROOT = iphoneos;
				SWIFT_COMPILATION_MODE = wholemodule;
				VALIDATE_PRODUCT = YES;
			};
			name = Release;
		};
		556AEAB52C21C4B40086D37F /* Debug */ = {
			isa = XCBuildConfiguration;
			buildSettings = {
				ASSETCATALOG_COMPILER_APPICON_NAME = AppIcon;
				ASSETCATALOG_COMPILER_GLOBAL_ACCENT_COLOR_NAME = AccentColor;
				CODE_SIGN_ENTITLEMENTS = BWHealthApp/BWHealthApp.entitlements;
				CODE_SIGN_STYLE = Automatic;
				CURRENT_PROJECT_VERSION = 1;
				DEVELOPMENT_ASSET_PATHS = "\"BWHealthApp/Preview Content\"";
				DEVELOPMENT_TEAM = KHQP888VHN;
				ENABLE_PREVIEWS = YES;
				GENERATE_INFOPLIST_FILE = YES;
				INFOPLIST_KEY_NSHealthShareUsageDescription = "Please allow to read health data";
				INFOPLIST_KEY_UIApplicationSceneManifest_Generation = YES;
				INFOPLIST_KEY_UIApplicationSupportsIndirectInputEvents = YES;
				INFOPLIST_KEY_UILaunchScreen_Generation = YES;
				INFOPLIST_KEY_UISupportedInterfaceOrientations_iPad = "UIInterfaceOrientationPortrait UIInterfaceOrientationPortraitUpsideDown UIInterfaceOrientationLandscapeLeft UIInterfaceOrientationLandscapeRight";
				INFOPLIST_KEY_UISupportedInterfaceOrientations_iPhone = "UIInterfaceOrientationPortrait UIInterfaceOrientationLandscapeLeft UIInterfaceOrientationLandscapeRight";
				IPHONEOS_DEPLOYMENT_TARGET = 16.0;
				LD_RUNPATH_SEARCH_PATHS = (
					"$(inherited)",
					"@executable_path/Frameworks",
				);
				MARKETING_VERSION = 1.0;
				PRODUCT_BUNDLE_IDENTIFIER = com.bornwest.HealthApp;
				PRODUCT_NAME = "$(TARGET_NAME)";
				SUPPORTED_PLATFORMS = "iphoneos iphonesimulator";
				SUPPORTS_MACCATALYST = NO;
				SUPPORTS_MAC_DESIGNED_FOR_IPHONE_IPAD = NO;
				SUPPORTS_XR_DESIGNED_FOR_IPHONE_IPAD = NO;
				SWIFT_EMIT_LOC_STRINGS = YES;
				SWIFT_VERSION = 5.0;
				TARGETED_DEVICE_FAMILY = 1;
			};
			name = Debug;
		};
		556AEAB62C21C4B40086D37F /* Release */ = {
			isa = XCBuildConfiguration;
			buildSettings = {
				ASSETCATALOG_COMPILER_APPICON_NAME = AppIcon;
				ASSETCATALOG_COMPILER_GLOBAL_ACCENT_COLOR_NAME = AccentColor;
				CODE_SIGN_ENTITLEMENTS = BWHealthApp/BWHealthApp.entitlements;
				CODE_SIGN_STYLE = Automatic;
				CURRENT_PROJECT_VERSION = 1;
				DEVELOPMENT_ASSET_PATHS = "\"BWHealthApp/Preview Content\"";
				DEVELOPMENT_TEAM = KHQP888VHN;
				ENABLE_PREVIEWS = YES;
				GENERATE_INFOPLIST_FILE = YES;
				INFOPLIST_KEY_NSHealthShareUsageDescription = "Please allow to read health data";
				INFOPLIST_KEY_UIApplicationSceneManifest_Generation = YES;
				INFOPLIST_KEY_UIApplicationSupportsIndirectInputEvents = YES;
				INFOPLIST_KEY_UILaunchScreen_Generation = YES;
				INFOPLIST_KEY_UISupportedInterfaceOrientations_iPad = "UIInterfaceOrientationPortrait UIInterfaceOrientationPortraitUpsideDown UIInterfaceOrientationLandscapeLeft UIInterfaceOrientationLandscapeRight";
				INFOPLIST_KEY_UISupportedInterfaceOrientations_iPhone = "UIInterfaceOrientationPortrait UIInterfaceOrientationLandscapeLeft UIInterfaceOrientationLandscapeRight";
				IPHONEOS_DEPLOYMENT_TARGET = 16.0;
				LD_RUNPATH_SEARCH_PATHS = (
					"$(inherited)",
					"@executable_path/Frameworks",
				);
				MARKETING_VERSION = 1.0;
				PRODUCT_BUNDLE_IDENTIFIER = com.bornwest.HealthApp;
				PRODUCT_NAME = "$(TARGET_NAME)";
				SUPPORTED_PLATFORMS = "iphoneos iphonesimulator";
				SUPPORTS_MACCATALYST = NO;
				SUPPORTS_MAC_DESIGNED_FOR_IPHONE_IPAD = NO;
				SUPPORTS_XR_DESIGNED_FOR_IPHONE_IPAD = NO;
				SWIFT_EMIT_LOC_STRINGS = YES;
				SWIFT_VERSION = 5.0;
				TARGETED_DEVICE_FAMILY = 1;
			};
			name = Release;
		};
/* End XCBuildConfiguration section */

/* Begin XCConfigurationList section */
		556AEAA12C21C4B30086D37F /* Build configuration list for PBXProject "BWHealthApp" */ = {
			isa = XCConfigurationList;
			buildConfigurations = (
				556AEAB22C21C4B40086D37F /* Debug */,
				556AEAB32C21C4B40086D37F /* Release */,
			);
			defaultConfigurationIsVisible = 0;
			defaultConfigurationName = Release;
		};
		556AEAB42C21C4B40086D37F /* Build configuration list for PBXNativeTarget "BWHealthApp" */ = {
			isa = XCConfigurationList;
			buildConfigurations = (
				556AEAB52C21C4B40086D37F /* Debug */,
				556AEAB62C21C4B40086D37F /* Release */,
			);
			defaultConfigurationIsVisible = 0;
			defaultConfigurationName = Release;
		};
/* End XCConfigurationList section */
	};
	rootObject = 556AEA9E2C21C4B30086D37F /* Project object */;
}
